// !$*UTF8*$!
{
	archiveVersion = 1;
	classes = {
	};
	objectVersion = 56;
	objects = {

/* Begin PBXBuildFile section */
		0F5FAE8F094471971DB3E1E0 /* FaceCraftApp.swift in Sources */ = {isa = PBXBuildFile; fileRef = 4E9CFCB7079A2DD3B2D93FDA /* FaceCraftApp.swift */; };
		228B785101259E5022F0439C /* Assets.xcassets in Resources */ = {isa = PBXBuildFile; fileRef = B277C845330699F8CBEB58A4 /* Assets.xcassets */; };
		48ECA54A6DDC6B7B4EBD6F00 /* ContentView.swift in Sources */ = {isa = PBXBuildFile; fileRef = 3522ED09662B65665CCCBD60 /* ContentView.swift */; };
		F1795C53F963DF7C7286B97E /* FaceCraft.xcodeproj in Resources */ = {isa = PBXBuildFile; fileRef = 8B9222D07285AE88048DA4F9 /* FaceCraft.xcodeproj */; };
		FFEB88C33C0B018D9ED80B29 /* ImageGenerator.swift in Sources */ = {isa = PBXBuildFile; fileRef = 49B67180EBED3C7C524438DA /* ImageGenerator.swift */; };
/* End PBXBuildFile section */

/* Begin PBXFileReference section */
		3522ED09662B65665CCCBD60 /* ContentView.swift */ = {isa = PBXFileReference; lastKnownFileType = sourcecode.swift; path = ContentView.swift; sourceTree = "<group>"; };
		49B67180EBED3C7C524438DA /* ImageGenerator.swift */ = {isa = PBXFileReference; lastKnownFileType = sourcecode.swift; path = ImageGenerator.swift; sourceTree = "<group>"; };
		4A5C1C94B39C5BF2D4E25E8C /* Info.plist */ = {isa = PBXFileReference; lastKnownFileType = text.plist; path = Info.plist; sourceTree = "<group>"; };
		4E9CFCB7079A2DD3B2D93FDA /* FaceCraftApp.swift */ = {isa = PBXFileReference; lastKnownFileType = sourcecode.swift; path = FaceCraftApp.swift; sourceTree = "<group>"; };
		891ADF8B6DF8FC14556D1260 /* Config.xcconfig */ = {isa = PBXFileReference; lastKnownFileType = text.xcconfig; path = Config.xcconfig; sourceTree = "<group>"; };
		8B9222D07285AE88048DA4F9 /* FaceCraft.xcodeproj */ = {isa = PBXFileReference; lastKnownFileType = "wrapper.pb-project"; path = FaceCraft.xcodeproj; sourceTree = "<group>"; };
		B277C845330699F8CBEB58A4 /* Assets.xcassets */ = {isa = PBXFileReference; lastKnownFileType = folder.assetcatalog; path = Assets.xcassets; sourceTree = "<group>"; };
		B696B6B7A325E38A5A47EBFF /* FaceCraft.app */ = {isa = PBXFileReference; explicitFileType = wrapper.application; includeInIndex = 0; path = FaceCraft.app; sourceTree = BUILT_PRODUCTS_DIR; };
/* End PBXFileReference section */

/* Begin PBXGroup section */
		B9801BE196C016077C99257B /* faceCraft */ = {
			isa = PBXGroup;
			children = (
				B277C845330699F8CBEB58A4 /* Assets.xcassets */,
				891ADF8B6DF8FC14556D1260 /* Config.xcconfig */,
				3522ED09662B65665CCCBD60 /* ContentView.swift */,
				8B9222D07285AE88048DA4F9 /* FaceCraft.xcodeproj */,
				4E9CFCB7079A2DD3B2D93FDA /* FaceCraftApp.swift */,
				49B67180EBED3C7C524438DA /* ImageGenerator.swift */,
				4A5C1C94B39C5BF2D4E25E8C /* Info.plist */,
			);
			name = faceCraft;
			path = .;
			sourceTree = "<group>";
		};
		C8682A9D2CE776BB00BDE9EE /* Products */ = {
			isa = PBXGroup;
			name = Products;
			sourceTree = "<group>";
		};
		D68C3D327329E54A9862B7DF /* Products */ = {
			isa = PBXGroup;
			children = (
				B696B6B7A325E38A5A47EBFF /* FaceCraft.app */,
			);
			name = Products;
			sourceTree = "<group>";
		};
		D9D173E963C29CA412DD2B34 = {
			isa = PBXGroup;
			children = (
				B9801BE196C016077C99257B /* faceCraft */,
				D68C3D327329E54A9862B7DF /* Products */,
			);
			sourceTree = "<group>";
		};
/* End PBXGroup section */

/* Begin PBXNativeTarget section */
		BD1ACF88CD00DA7A974C096B /* FaceCraft */ = {
			isa = PBXNativeTarget;
			buildConfigurationList = 84174B09B69D78333E1025F5 /* Build configuration list for PBXNativeTarget "FaceCraft" */;
			buildPhases = (
				5F0E85B7ED536755C301CAC0 /* Sources */,
				00475759CF0CA4E038A03B18 /* Resources */,
			);
			buildRules = (
			);
			dependencies = (
			);
			name = FaceCraft;
			productName = FaceCraft;
			productReference = B696B6B7A325E38A5A47EBFF /* FaceCraft.app */;
			productType = "com.apple.product-type.application";
		};
/* End PBXNativeTarget section */

/* Begin PBXProject section */
		F9ED46F8371E03A0AAB9EFC9 /* Project object */ = {
			isa = PBXProject;
			attributes = {
				BuildIndependentTargetsInParallel = YES;
				LastUpgradeCheck = 1430;
				TargetAttributes = {
					BD1ACF88CD00DA7A974C096B = {
						DevelopmentTeam = "";
					};
				};
			};
			buildConfigurationList = 9E6EE853A2902B9573876F99 /* Build configuration list for PBXProject "FaceCraft" */;
			compatibilityVersion = "Xcode 14.0";
			developmentRegion = en;
			hasScannedForEncodings = 0;
			knownRegions = (
				Base,
				en,
			);
			mainGroup = D9D173E963C29CA412DD2B34;
			projectDirPath = "";
			projectReferences = (
				{
					ProductGroup = C8682A9D2CE776BB00BDE9EE /* Products */;
					ProjectRef = 8B9222D07285AE88048DA4F9 /* FaceCraft.xcodeproj */;
				},
			);
			projectRoot = "";
			targets = (
				BD1ACF88CD00DA7A974C096B /* FaceCraft */,
			);
		};
/* End PBXProject section */

/* Begin PBXResourcesBuildPhase section */
		00475759CF0CA4E038A03B18 /* Resources */ = {
			isa = PBXResourcesBuildPhase;
			buildActionMask = 2147483647;
			files = (
				228B785101259E5022F0439C /* Assets.xcassets in Resources */,
				F1795C53F963DF7C7286B97E /* FaceCraft.xcodeproj in Resources */,
			);
			runOnlyForDeploymentPostprocessing = 0;
		};
/* End PBXResourcesBuildPhase section */

/* Begin PBXSourcesBuildPhase section */
		5F0E85B7ED536755C301CAC0 /* Sources */ = {
			isa = PBXSourcesBuildPhase;
			buildActionMask = 2147483647;
			files = (
				48ECA54A6DDC6B7B4EBD6F00 /* ContentView.swift in Sources */,
				0F5FAE8F094471971DB3E1E0 /* FaceCraftApp.swift in Sources */,
				FFEB88C33C0B018D9ED80B29 /* ImageGenerator.swift in Sources */,
			);
			runOnlyForDeploymentPostprocessing = 0;
		};
/* End PBXSourcesBuildPhase section */

/* Begin XCBuildConfiguration section */
		12B6DC990CF728E5A3A2D810 /* Release */ = {
			isa = XCBuildConfiguration;
			baseConfigurationReference = 891ADF8B6DF8FC14556D1260 /* Config.xcconfig */;
			buildSettings = {
				ALWAYS_SEARCH_USER_PATHS = NO;
				CLANG_ANALYZER_NONNULL = YES;
				CLANG_ANALYZER_NUMBER_OBJECT_CONVERSION = YES_AGGRESSIVE;
				CLANG_CXX_LANGUAGE_STANDARD = "gnu++14";
				CLANG_CXX_LIBRARY = "libc++";
				CLANG_ENABLE_MODULES = YES;
				CLANG_ENABLE_OBJC_ARC = YES;
				CLANG_ENABLE_OBJC_WEAK = YES;
				CLANG_WARN_BLOCK_CAPTURE_AUTORELEASING = YES;
				CLANG_WARN_BOOL_CONVERSION = YES;
				CLANG_WARN_COMMA = YES;
				CLANG_WARN_CONSTANT_CONVERSION = YES;
				CLANG_WARN_DEPRECATED_OBJC_IMPLEMENTATIONS = YES;
				CLANG_WARN_DIRECT_OBJC_ISA_USAGE = YES_ERROR;
				CLANG_WARN_DOCUMENTATION_COMMENTS = YES;
				CLANG_WARN_EMPTY_BODY = YES;
				CLANG_WARN_ENUM_CONVERSION = YES;
				CLANG_WARN_INFINITE_RECURSION = YES;
				CLANG_WARN_INT_CONVERSION = YES;
				CLANG_WARN_NON_LITERAL_NULL_CONVERSION = YES;
				CLANG_WARN_OBJC_IMPLICIT_RETAIN_SELF = YES;
				CLANG_WARN_OBJC_LITERAL_CONVERSION = YES;
				CLANG_WARN_OBJC_ROOT_CLASS = YES_ERROR;
				CLANG_WARN_QUOTED_INCLUDE_IN_FRAMEWORK_HEADER = YES;
				CLANG_WARN_RANGE_LOOP_ANALYSIS = YES;
				CLANG_WARN_STRICT_PROTOTYPES = YES;
				CLANG_WARN_SUSPICIOUS_MOVE = YES;
				CLANG_WARN_UNGUARDED_AVAILABILITY = YES_AGGRESSIVE;
				CLANG_WARN_UNREACHABLE_CODE = YES;
				CLANG_WARN__DUPLICATE_METHOD_MATCH = YES;
				COPY_PHASE_STRIP = NO;
				DEBUG_INFORMATION_FORMAT = "dwarf-with-dsym";
				ENABLE_NS_ASSERTIONS = NO;
				ENABLE_STRICT_OBJC_MSGSEND = YES;
				GCC_C_LANGUAGE_STANDARD = gnu11;
				GCC_NO_COMMON_BLOCKS = YES;
				GCC_WARN_64_TO_32_BIT_CONVERSION = YES;
				GCC_WARN_ABOUT_RETURN_TYPE = YES_ERROR;
				GCC_WARN_UNDECLARED_SELECTOR = YES;
				GCC_WARN_UNINITIALIZED_AUTOS = YES_AGGRESSIVE;
				GCC_WARN_UNUSED_FUNCTION = YES;
				GCC_WARN_UNUSED_VARIABLE = YES;
				IPHONEOS_DEPLOYMENT_TARGET = 15.0;
				MTL_ENABLE_DEBUG_INFO = NO;
				MTL_FAST_MATH = YES;
				PRODUCT_NAME = "$(TARGET_NAME)";
				SDKROOT = iphoneos;
				SWIFT_COMPILATION_MODE = wholemodule;
				SWIFT_OPTIMIZATION_LEVEL = "-O";
				SWIFT_VERSION = 5.0;
			};
			name = Release;
		};
		5A4D9BACCA44F3D996C75E3E /* Debug */ = {
			isa = XCBuildConfiguration;
			baseConfigurationReference = 891ADF8B6DF8FC14556D1260 /* Config.xcconfig */;
			buildSettings = {
				ALWAYS_SEARCH_USER_PATHS = NO;
				CLANG_ANALYZER_NONNULL = YES;
				CLANG_ANALYZER_NUMBER_OBJECT_CONVERSION = YES_AGGRESSIVE;
				CLANG_CXX_LANGUAGE_STANDARD = "gnu++14";
				CLANG_CXX_LIBRARY = "libc++";
				CLANG_ENABLE_MODULES = YES;
				CLANG_ENABLE_OBJC_ARC = YES;
				CLANG_ENABLE_OBJC_WEAK = YES;
				CLANG_WARN_BLOCK_CAPTURE_AUTORELEASING = YES;
				CLANG_WARN_BOOL_CONVERSION = YES;
				CLANG_WARN_COMMA = YES;
				CLANG_WARN_CONSTANT_CONVERSION = YES;
				CLANG_WARN_DEPRECATED_OBJC_IMPLEMENTATIONS = YES;
				CLANG_WARN_DIRECT_OBJC_ISA_USAGE = YES_ERROR;
				CLANG_WARN_DOCUMENTATION_COMMENTS = YES;
				CLANG_WARN_EMPTY_BODY = YES;
				CLANG_WARN_ENUM_CONVERSION = YES;
				CLANG_WARN_INFINITE_RECURSION = YES;
				CLANG_WARN_INT_CONVERSION = YES;
				CLANG_WARN_NON_LITERAL_NULL_CONVERSION = YES;
				CLANG_WARN_OBJC_IMPLICIT_RETAIN_SELF = YES;
				CLANG_WARN_OBJC_LITERAL_CONVERSION = YES;
				CLANG_WARN_OBJC_ROOT_CLASS = YES_ERROR;
				CLANG_WARN_QUOTED_INCLUDE_IN_FRAMEWORK_HEADER = YES;
				CLANG_WARN_RANGE_LOOP_ANALYSIS = YES;
				CLANG_WARN_STRICT_PROTOTYPES = YES;
				CLANG_WARN_SUSPICIOUS_MOVE = YES;
				CLANG_WARN_UNGUARDED_AVAILABILITY = YES_AGGRESSIVE;
				CLANG_WARN_UNREACHABLE_CODE = YES;
				CLANG_WARN__DUPLICATE_METHOD_MATCH = YES;
				COPY_PHASE_STRIP = NO;
				DEBUG_INFORMATION_FORMAT = dwarf;
				ENABLE_STRICT_OBJC_MSGSEND = YES;
				ENABLE_TESTABILITY = YES;
				GCC_C_LANGUAGE_STANDARD = gnu11;
				GCC_DYNAMIC_NO_PIC = NO;
				GCC_NO_COMMON_BLOCKS = YES;
				GCC_OPTIMIZATION_LEVEL = 0;
				GCC_PREPROCESSOR_DEFINITIONS = (
					"$(inherited)",
					"DEBUG=1",
				);
				GCC_WARN_64_TO_32_BIT_CONVERSION = YES;
				GCC_WARN_ABOUT_RETURN_TYPE = YES_ERROR;
				GCC_WARN_UNDECLARED_SELECTOR = YES;
				GCC_WARN_UNINITIALIZED_AUTOS = YES_AGGRESSIVE;
				GCC_WARN_UNUSED_FUNCTION = YES;
				GCC_WARN_UNUSED_VARIABLE = YES;
				IPHONEOS_DEPLOYMENT_TARGET = 15.0;
				MTL_ENABLE_DEBUG_INFO = INCLUDE_SOURCE;
				MTL_FAST_MATH = YES;
				ONLY_ACTIVE_ARCH = YES;
				PRODUCT_NAME = "$(TARGET_NAME)";
				SDKROOT = iphoneos;
				SWIFT_ACTIVE_COMPILATION_CONDITIONS = DEBUG;
				SWIFT_OPTIMIZATION_LEVEL = "-Onone";
				SWIFT_VERSION = 5.0;
			};
			name = Debug;
		};
		BDCD12153A70B2CB54F106E4 /* Release */ = {
			isa = XCBuildConfiguration;
			buildSettings = {
				ASSETCATALOG_COMPILER_APPICON_NAME = AppIcon;
				CODE_SIGNING_ALLOWED = NO;
				CODE_SIGNING_REQUIRED = NO;
				CODE_SIGN_IDENTITY = "";
				DEVELOPMENT_TEAM = "";
				INFOPLIST_FILE = Info.plist;
				INFOPLIST_KEY_UILaunchScreen_Generation = YES;
				LD_RUNPATH_SEARCH_PATHS = (
					"$(inherited)",
					"@executable_path/Frameworks",
				);
				PRODUCT_BUNDLE_IDENTIFIER = com.facecraft.app;
				SDKROOT = iphoneos;
				TARGETED_DEVICE_FAMILY = "1,2";
			};
			name = Release;
		};
		F5E98C118CABC09A1E583822 /* Debug */ = {
			isa = XCBuildConfiguration;
			buildSettings = {
				ASSETCATALOG_COMPILER_APPICON_NAME = AppIcon;
				CODE_SIGNING_ALLOWED = NO;
				CODE_SIGNING_REQUIRED = NO;
				CODE_SIGN_IDENTITY = "";
				DEVELOPMENT_TEAM = "";
				INFOPLIST_FILE = Info.plist;
				INFOPLIST_KEY_UILaunchScreen_Generation = YES;
				LD_RUNPATH_SEARCH_PATHS = (
					"$(inherited)",
					"@executable_path/Frameworks",
				);
				PRODUCT_BUNDLE_IDENTIFIER = com.facecraft.app;
				SDKROOT = iphoneos;
				TARGETED_DEVICE_FAMILY = "1,2";
			};
			name = Debug;
		};
/* End XCBuildConfiguration section */

/* Begin XCConfigurationList section */
		84174B09B69D78333E1025F5 /* Build configuration list for PBXNativeTarget "FaceCraft" */ = {
			isa = XCConfigurationList;
			buildConfigurations = (
				F5E98C118CABC09A1E583822 /* Debug */,
				BDCD12153A70B2CB54F106E4 /* Release */,
			);
			defaultConfigurationIsVisible = 0;
			defaultConfigurationName = Debug;
		};
		9E6EE853A2902B9573876F99 /* Build configuration list for PBXProject "FaceCraft" */ = {
			isa = XCConfigurationList;
			buildConfigurations = (
				5A4D9BACCA44F3D996C75E3E /* Debug */,
				12B6DC990CF728E5A3A2D810 /* Release */,
			);
			defaultConfigurationIsVisible = 0;
			defaultConfigurationName = Debug;
		};
/* End XCConfigurationList section */
	};
	rootObject = F9ED46F8371E03A0AAB9EFC9 /* Project object */;
}
