// !$*UTF8*$!
{
	archiveVersion = 1;
	classes = {
	};
	objectVersion = 77;
	objects = {

/* Begin PBXContainerItemProxy section */
		C89EABC32CE60DBD00C7FE03 /* PBXContainerItemProxy */ = {
			isa = PBXContainerItemProxy;
			containerPortal = C89EABAA2CE60DB800C7FE03 /* Project object */;
			proxyType = 1;
			remoteGlobalIDString = C89EABB12CE60DB800C7FE03;
			remoteInfo = aquaCraft;
		};
		C89EABCD2CE60DBD00C7FE03 /* PBXContainerItemProxy */ = {
			isa = PBXContainerItemProxy;
			containerPortal = C89EABAA2CE60DB800C7FE03 /* Project object */;
			proxyType = 1;
			remoteGlobalIDString = C89EABB12CE60DB800C7FE03;
			remoteInfo = aquaCraft;
		};
/* End PBXContainerItemProxy section */

/* Begin PBXFileReference section */
		C89EABB22CE60DB800C7FE03 /* aquaCraft.app */ = {isa = PBXFileReference; explicitFileType = wrapper.application; includeInIndex = 0; path = aquaCraft.app; sourceTree = BUILT_PRODUCTS_DIR; };
		C89EABC22CE60DBD00C7FE03 /* aquaCraftTests.xctest */ = {isa = PBXFileReference; explicitFileType = wrapper.cfbundle; includeInIndex = 0; path = aquaCraftTests.xctest; sourceTree = BUILT_PRODUCTS_DIR; };
		C89EABCC2CE60DBD00C7FE03 /* aquaCraftUITests.xctest */ = {isa = PBXFileReference; explicitFileType = wrapper.cfbundle; includeInIndex = 0; path = aquaCraftUITests.xctest; sourceTree = BUILT_PRODUCTS_DIR; };
/* End PBXFileReference section */

/* Begin PBXFileSystemSynchronizedRootGroup section */
		C89EABB42CE60DB800C7FE03 /* aquaCraft */ = {
			isa = PBXFileSystemSynchronizedRootGroup;
			path = aquaCraft;
			sourceTree = "<group>";
		};
		C89EABC52CE60DBD00C7FE03 /* aquaCraftTests */ = {
			isa = PBXFileSystemSynchronizedRootGroup;
			path = aquaCraftTests;
			sourceTree = "<group>";
		};
		C89EABCF2CE60DBD00C7FE03 /* aquaCraftUITests */ = {
			isa = PBXFileSystemSynchronizedRootGroup;
			path = aquaCraftUITests;
			sourceTree = "<group>";
		};
/* End PBXFileSystemSynchronizedRootGroup section */

/* Begin PBXFrameworksBuildPhase section */
		C89EABAF2CE60DB800C7FE03 /* Frameworks */ = {
			isa = PBXFrameworksBuildPhase;
			buildActionMask = 2147483647;
			files = (
			);
			runOnlyForDeploymentPostprocessing = 0;
		};
		C89EABBF2CE60DBD00C7FE03 /* Frameworks */ = {
			isa = PBXFrameworksBuildPhase;
			buildActionMask = 2147483647;
			files = (
			);
			runOnlyForDeploymentPostprocessing = 0;
		};
		C89EABC92CE60DBD00C7FE03 /* Frameworks */ = {
			isa = PBXFrameworksBuildPhase;
			buildActionMask = 2147483647;
			files = (
			);
			runOnlyForDeploymentPostprocessing = 0;
		};
/* End PBXFrameworksBuildPhase section */

/* Begin PBXGroup section */
		C89EABA92CE60DB800C7FE03 = {
			isa = PBXGroup;
			children = (
				C89EABB42CE60DB800C7FE03 /* aquaCraft */,
				C89EABC52CE60DBD00C7FE03 /* aquaCraftTests */,
				C89EABCF2CE60DBD00C7FE03 /* aquaCraftUITests */,
				C89EABB32CE60DB800C7FE03 /* Products */,
			);
			sourceTree = "<group>";
		};
		C89EABB32CE60DB800C7FE03 /* Products */ = {
			isa = PBXGroup;
			children = (
				C89EABB22CE60DB800C7FE03 /* aquaCraft.app */,
				C89EABC22CE60DBD00C7FE03 /* aquaCraftTests.xctest */,
				C89EABCC2CE60DBD00C7FE03 /* aquaCraftUITests.xctest */,
			);
			name = Products;
			sourceTree = "<group>";
		};
/* End PBXGroup section */

/* Begin PBXNativeTarget section */
		C89EABB12CE60DB800C7FE03 /* aquaCraft */ = {
			isa = PBXNativeTarget;
			buildConfigurationList = C89EABD62CE60DBD00C7FE03 /* Build configuration list for PBXNativeTarget "aquaCraft" */;
			buildPhases = (
				C89EABAE2CE60DB800C7FE03 /* Sources */,
				C89EABAF2CE60DB800C7FE03 /* Frameworks */,
				C89EABB02CE60DB800C7FE03 /* Resources */,
			);
			buildRules = (
			);
			dependencies = (
			);
			fileSystemSynchronizedGroups = (
				C89EABB42CE60DB800C7FE03 /* aquaCraft */,
			);
			name = aquaCraft;
			packageProductDependencies = (
			);
			productName = aquaCraft;
			productReference = C89EABB22CE60DB800C7FE03 /* aquaCraft.app */;
			productType = "com.apple.product-type.application";
		};
		C89EABC12CE60DBD00C7FE03 /* aquaCraftTests */ = {
			isa = PBXNativeTarget;
			buildConfigurationList = C89EABD92CE60DBD00C7FE03 /* Build configuration list for PBXNativeTarget "aquaCraftTests" */;
			buildPhases = (
				C89EABBE2CE60DBD00C7FE03 /* Sources */,
				C89EABBF2CE60DBD00C7FE03 /* Frameworks */,
				C89EABC02CE60DBD00C7FE03 /* Resources */,
			);
			buildRules = (
			);
			dependencies = (
				C89EABC42CE60DBD00C7FE03 /* PBXTargetDependency */,
			);
			fileSystemSynchronizedGroups = (
				C89EABC52CE60DBD00C7FE03 /* aquaCraftTests */,
			);
			name = aquaCraftTests;
			packageProductDependencies = (
			);
			productName = aquaCraftTests;
			productReference = C89EABC22CE60DBD00C7FE03 /* aquaCraftTests.xctest */;
			productType = "com.apple.product-type.bundle.unit-test";
		};
		C89EABCB2CE60DBD00C7FE03 /* aquaCraftUITests */ = {
			isa = PBXNativeTarget;
			buildConfigurationList = C89EABDC2CE60DBD00C7FE03 /* Build configuration list for PBXNativeTarget "aquaCraftUITests" */;
			buildPhases = (
				C89EABC82CE60DBD00C7FE03 /* Sources */,
				C89EABC92CE60DBD00C7FE03 /* Frameworks */,
				C89EABCA2CE60DBD00C7FE03 /* Resources */,
			);
			buildRules = (
			);
			dependencies = (
				C89EABCE2CE60DBD00C7FE03 /* PBXTargetDependency */,
			);
			fileSystemSynchronizedGroups = (
				C89EABCF2CE60DBD00C7FE03 /* aquaCraftUITests */,
			);
			name = aquaCraftUITests;
			packageProductDependencies = (
			);
			productName = aquaCraftUITests;
			productReference = C89EABCC2CE60DBD00C7FE03 /* aquaCraftUITests.xctest */;
			productType = "com.apple.product-type.bundle.ui-testing";
		};
/* End PBXNativeTarget section */

/* Begin PBXProject section */
		C89EABAA2CE60DB800C7FE03 /* Project object */ = {
			isa = PBXProject;
			attributes = {
				BuildIndependentTargetsInParallel = 1;
				LastSwiftUpdateCheck = 1600;
				LastUpgradeCheck = 1600;
				TargetAttributes = {
					C89EABB12CE60DB800C7FE03 = {
						CreatedOnToolsVersion = 16.0;
					};
					C89EABC12CE60DBD00C7FE03 = {
						CreatedOnToolsVersion = 16.0;
						TestTargetID = C89EABB12CE60DB800C7FE03;
					};
					C89EABCB2CE60DBD00C7FE03 = {
						CreatedOnToolsVersion = 16.0;
						TestTargetID = C89EABB12CE60DB800C7FE03;
					};
				};
			};
			buildConfigurationList = C89EABAD2CE60DB800C7FE03 /* Build configuration list for PBXProject "aquaCraft" */;
			developmentRegion = en;
			hasScannedForEncodings = 0;
			knownRegions = (
				en,
				Base,
			);
			mainGroup = C89EABA92CE60DB800C7FE03;
			minimizedProjectReferenceProxies = 1;
			preferredProjectObjectVersion = 77;
			productRefGroup = C89EABB32CE60DB800C7FE03 /* Products */;
			projectDirPath = "";
			projectRoot = "";
			targets = (
				C89EABB12CE60DB800C7FE03 /* aquaCraft */,
				C89EABC12CE60DBD00C7FE03 /* aquaCraftTests */,
				C89EABCB2CE60DBD00C7FE03 /* aquaCraftUITests */,
			);
		};
/* End PBXProject section */

/* Begin PBXResourcesBuildPhase section */
		C89EABB02CE60DB800C7FE03 /* Resources */ = {
			isa = PBXResourcesBuildPhase;
			buildActionMask = 2147483647;
			files = (
			);
			runOnlyForDeploymentPostprocessing = 0;
		};
		C89EABC02CE60DBD00C7FE03 /* Resources */ = {
			isa = PBXResourcesBuildPhase;
			buildActionMask = 2147483647;
			files = (
			);
			runOnlyForDeploymentPostprocessing = 0;
		};
		C89EABCA2CE60DBD00C7FE03 /* Resources */ = {
			isa = PBXResourcesBuildPhase;
			buildActionMask = 2147483647;
			files = (
			);
			runOnlyForDeploymentPostprocessing = 0;
		};
/* End PBXResourcesBuildPhase section */

/* Begin PBXSourcesBuildPhase section */
		C89EABAE2CE60DB800C7FE03 /* Sources */ = {
			isa = PBXSourcesBuildPhase;
			buildActionMask = 2147483647;
			files = (
			);
			runOnlyForDeploymentPostprocessing = 0;
		};
		C89EABBE2CE60DBD00C7FE03 /* Sources */ = {
			isa = PBXSourcesBuildPhase;
			buildActionMask = 2147483647;
			files = (
			);
			runOnlyForDeploymentPostprocessing = 0;
		};
		C89EABC82CE60DBD00C7FE03 /* Sources */ = {
			isa = PBXSourcesBuildPhase;
			buildActionMask = 2147483647;
			files = (
			);
			runOnlyForDeploymentPostprocessing = 0;
		};
/* End PBXSourcesBuildPhase section */

/* Begin PBXTargetDependency section */
		C89EABC42CE60DBD00C7FE03 /* PBXTargetDependency */ = {
			isa = PBXTargetDependency;
			target = C89EABB12CE60DB800C7FE03 /* aquaCraft */;
			targetProxy = C89EABC32CE60DBD00C7FE03 /* PBXContainerItemProxy */;
		};
		C89EABCE2CE60DBD00C7FE03 /* PBXTargetDependency */ = {
			isa = PBXTargetDependency;
			target = C89EABB12CE60DB800C7FE03 /* aquaCraft */;
			targetProxy = C89EABCD2CE60DBD00C7FE03 /* PBXContainerItemProxy */;
		};
/* End PBXTargetDependency section */

/* Begin XCBuildConfiguration section */
		C89EABD42CE60DBD00C7FE03 /* Debug */ = {
			isa = XCBuildConfiguration;
			buildSettings = {
				ALWAYS_SEARCH_USER_PATHS = NO;
				ASSETCATALOG_COMPILER_GENERATE_SWIFT_ASSET_SYMBOL_EXTENSIONS = YES;
				CLANG_ANALYZER_NONNULL = YES;
				CLANG_ANALYZER_NUMBER_OBJECT_CONVERSION = YES_AGGRESSIVE;
				CLANG_CXX_LANGUAGE_STANDARD = "gnu++20";
				CLANG_ENABLE_MODULES = YES;
				CLANG_ENABLE_OBJC_ARC = YES;
				CLANG_ENABLE_OBJC_WEAK = YES;
				CLANG_WARN_BLOCK_CAPTURE_AUTORELEASING = YES;
				CLANG_WARN_BOOL_CONVERSION = YES;
				CLANG_WARN_COMMA = YES;
				CLANG_WARN_CONSTANT_CONVERSION = YES;
				CLANG_WARN_DEPRECATED_OBJC_IMPLEMENTATIONS = YES;
				CLANG_WARN_DIRECT_OBJC_ISA_USAGE = YES_ERROR;
				CLANG_WARN_DOCUMENTATION_COMMENTS = YES;
				CLANG_WARN_EMPTY_BODY = YES;
				CLANG_WARN_ENUM_CONVERSION = YES;
				CLANG_WARN_INFINITE_RECURSION = YES;
				CLANG_WARN_INT_CONVERSION = YES;
				CLANG_WARN_NON_LITERAL_NULL_CONVERSION = YES;
				CLANG_WARN_OBJC_IMPLICIT_RETAIN_SELF = YES;
				CLANG_WARN_OBJC_LITERAL_CONVERSION = YES;
				CLANG_WARN_OBJC_ROOT_CLASS = YES_ERROR;
				CLANG_WARN_QUOTED_INCLUDE_IN_FRAMEWORK_HEADER = YES;
				CLANG_WARN_RANGE_LOOP_ANALYSIS = YES;
				CLANG_WARN_STRICT_PROTOTYPES = YES;
				CLANG_WARN_SUSPICIOUS_MOVE = YES;
				CLANG_WARN_UNGUARDED_AVAILABILITY = YES_AGGRESSIVE;
				CLANG_WARN_UNREACHABLE_CODE = YES;
				CLANG_WARN__DUPLICATE_METHOD_MATCH = YES;
				COPY_PHASE_STRIP = NO;
				DEBUG_INFORMATION_FORMAT = dwarf;
				ENABLE_STRICT_OBJC_MSGSEND = YES;
				ENABLE_TESTABILITY = YES;
				ENABLE_USER_SCRIPT_SANDBOXING = YES;
				GCC_C_LANGUAGE_STANDARD = gnu17;
				GCC_DYNAMIC_NO_PIC = NO;
				GCC_NO_COMMON_BLOCKS = YES;
				GCC_OPTIMIZATION_LEVEL = 0;
				GCC_PREPROCESSOR_DEFINITIONS = (
					"DEBUG=1",
					"$(inherited)",
				);
				GCC_WARN_64_TO_32_BIT_CONVERSION = YES;
				GCC_WARN_ABOUT_RETURN_TYPE = YES_ERROR;
				GCC_WARN_UNDECLARED_SELECTOR = YES;
				GCC_WARN_UNINITIALIZED_AUTOS = YES_AGGRESSIVE;
				GCC_WARN_UNUSED_FUNCTION = YES;
				GCC_WARN_UNUSED_VARIABLE = YES;
				IPHONEOS_DEPLOYMENT_TARGET = 18.0;
				LOCALIZATION_PREFERS_STRING_CATALOGS = YES;
				MTL_ENABLE_DEBUG_INFO = INCLUDE_SOURCE;
				MTL_FAST_MATH = YES;
				ONLY_ACTIVE_ARCH = YES;
				SDKROOT = iphoneos;
				SWIFT_ACTIVE_COMPILATION_CONDITIONS = "DEBUG $(inherited)";
				SWIFT_OPTIMIZATION_LEVEL = "-Onone";
			};
			name = Debug;
		};
		C89EABD52CE60DBD00C7FE03 /* Release */ = {
			isa = XCBuildConfiguration;
			buildSettings = {
				ALWAYS_SEARCH_USER_PATHS = NO;
				ASSETCATALOG_COMPILER_GENERATE_SWIFT_ASSET_SYMBOL_EXTENSIONS = YES;
				CLANG_ANALYZER_NONNULL = YES;
				CLANG_ANALYZER_NUMBER_OBJECT_CONVERSION = YES_AGGRESSIVE;
				CLANG_CXX_LANGUAGE_STANDARD = "gnu++20";
				CLANG_ENABLE_MODULES = YES;
				CLANG_ENABLE_OBJC_ARC = YES;
				CLANG_ENABLE_OBJC_WEAK = YES;
				CLANG_WARN_BLOCK_CAPTURE_AUTORELEASING = YES;
				CLANG_WARN_BOOL_CONVERSION = YES;
				CLANG_WARN_COMMA = YES;
				CLANG_WARN_CONSTANT_CONVERSION = YES;
				CLANG_WARN_DEPRECATED_OBJC_IMPLEMENTATIONS = YES;
				CLANG_WARN_DIRECT_OBJC_ISA_USAGE = YES_ERROR;
				CLANG_WARN_DOCUMENTATION_COMMENTS = YES;
				CLANG_WARN_EMPTY_BODY = YES;
				CLANG_WARN_ENUM_CONVERSION = YES;
				CLANG_WARN_INFINITE_RECURSION = YES;
				CLANG_WARN_INT_CONVERSION = YES;
				CLANG_WARN_NON_LITERAL_NULL_CONVERSION = YES;
				CLANG_WARN_OBJC_IMPLICIT_RETAIN_SELF = YES;
				CLANG_WARN_OBJC_LITERAL_CONVERSION = YES;
				CLANG_WARN_OBJC_ROOT_CLASS = YES_ERROR;
				CLANG_WARN_QUOTED_INCLUDE_IN_FRAMEWORK_HEADER = YES;
				CLANG_WARN_RANGE_LOOP_ANALYSIS = YES;
				CLANG_WARN_STRICT_PROTOTYPES = YES;
				CLANG_WARN_SUSPICIOUS_MOVE = YES;
				CLANG_WARN_UNGUARDED_AVAILABILITY = YES_AGGRESSIVE;
				CLANG_WARN_UNREACHABLE_CODE = YES;
				CLANG_WARN__DUPLICATE_METHOD_MATCH = YES;
				COPY_PHASE_STRIP = NO;
				DEBUG_INFORMATION_FORMAT = "dwarf-with-dsym";
				ENABLE_NS_ASSERTIONS = NO;
				ENABLE_STRICT_OBJC_MSGSEND = YES;
				ENABLE_USER_SCRIPT_SANDBOXING = YES;
				GCC_C_LANGUAGE_STANDARD = gnu17;
				GCC_NO_COMMON_BLOCKS = YES;
				GCC_WARN_64_TO_32_BIT_CONVERSION = YES;
				GCC_WARN_ABOUT_RETURN_TYPE = YES_ERROR;
				GCC_WARN_UNDECLARED_SELECTOR = YES;
				GCC_WARN_UNINITIALIZED_AUTOS = YES_AGGRESSIVE;
				GCC_WARN_UNUSED_FUNCTION = YES;
				GCC_WARN_UNUSED_VARIABLE = YES;
				IPHONEOS_DEPLOYMENT_TARGET = 18.0;
				LOCALIZATION_PREFERS_STRING_CATALOGS = YES;
				MTL_ENABLE_DEBUG_INFO = NO;
				MTL_FAST_MATH = YES;
				SDKROOT = iphoneos;
				SWIFT_COMPILATION_MODE = wholemodule;
				VALIDATE_PRODUCT = YES;
			};
			name = Release;
		};
		C89EABD72CE60DBD00C7FE03 /* Debug */ = {
			isa = XCBuildConfiguration;
			buildSettings = {
				ASSETCATALOG_COMPILER_APPICON_NAME = AppIcon;
				ASSETCATALOG_COMPILER_GLOBAL_ACCENT_COLOR_NAME = AccentColor;
				CODE_SIGN_IDENTITY = "Apple Development";
				CODE_SIGN_STYLE = Automatic;
				CURRENT_PROJECT_VERSION = 1;
				DEVELOPMENT_ASSET_PATHS = "\"aquaCraft/Preview Content\"";
				DEVELOPMENT_TEAM = 8H92M4FWJB;
				ENABLE_PREVIEWS = YES;
				GENERATE_INFOPLIST_FILE = YES;
				INFOPLIST_KEY_CFBundleDisplayName = AquaCraft;
				INFOPLIST_KEY_LSApplicationCategoryType = "public.app-category.entertainment";
				INFOPLIST_KEY_UIApplicationSceneManifest_Generation = YES;
				INFOPLIST_KEY_UIApplicationSupportsIndirectInputEvents = YES;
				INFOPLIST_KEY_UILaunchScreen_Generation = YES;
				INFOPLIST_KEY_UISupportedInterfaceOrientations_iPad = "UIInterfaceOrientationPortrait UIInterfaceOrientationPortraitUpsideDown UIInterfaceOrientationLandscapeLeft UIInterfaceOrientationLandscapeRight";
				INFOPLIST_KEY_UISupportedInterfaceOrientations_iPhone = "UIInterfaceOrientationPortrait UIInterfaceOrientationLandscapeLeft UIInterfaceOrientationLandscapeRight";
				IPHONEOS_DEPLOYMENT_TARGET = 17.6;
				LD_RUNPATH_SEARCH_PATHS = (
					"$(inherited)",
					"@executable_path/Frameworks",
				);
				MARKETING_VERSION = 1.0;
				PRODUCT_BUNDLE_IDENTIFIER = topeerzLabs.aquaCraftBigFIsh;
				PRODUCT_NAME = "$(TARGET_NAME)";
				PROVISIONING_PROFILE_SPECIFIER = "";
				SWIFT_EMIT_LOC_STRINGS = YES;
				SWIFT_VERSION = 5.0;
				TARGETED_DEVICE_FAMILY = "1,2";
			};
			name = Debug;
		};
		C89EABD82CE60DBD00C7FE03 /* Release */ = {
			isa = XCBuildConfiguration;
			buildSettings = {
				ASSETCATALOG_COMPILER_APPICON_NAME = AppIcon;
				ASSETCATALOG_COMPILER_GLOBAL_ACCENT_COLOR_NAME = AccentColor;
				CODE_SIGN_IDENTITY = "Apple Development";
				CODE_SIGN_STYLE = Automatic;
				CURRENT_PROJECT_VERSION = 1;
				DEVELOPMENT_ASSET_PATHS = "\"aquaCraft/Preview Content\"";
				DEVELOPMENT_TEAM = 8H92M4FWJB;
				ENABLE_PREVIEWS = YES;
				GENERATE_INFOPLIST_FILE = YES;
				INFOPLIST_KEY_CFBundleDisplayName = AquaCraft;
				INFOPLIST_KEY_LSApplicationCategoryType = "public.app-category.entertainment";
				INFOPLIST_KEY_UIApplicationSceneManifest_Generation = YES;
				INFOPLIST_KEY_UIApplicationSupportsIndirectInputEvents = YES;
				INFOPLIST_KEY_UILaunchScreen_Generation = YES;
				INFOPLIST_KEY_UISupportedInterfaceOrientations_iPad = "UIInterfaceOrientationPortrait UIInterfaceOrientationPortraitUpsideDown UIInterfaceOrientationLandscapeLeft UIInterfaceOrientationLandscapeRight";
				INFOPLIST_KEY_UISupportedInterfaceOrientations_iPhone = "UIInterfaceOrientationPortrait UIInterfaceOrientationLandscapeLeft UIInterfaceOrientationLandscapeRight";
				IPHONEOS_DEPLOYMENT_TARGET = 17.6;
				LD_RUNPATH_SEARCH_PATHS = (
					"$(inherited)",
					"@executable_path/Frameworks",
				);
				MARKETING_VERSION = 1.0;
				PRODUCT_BUNDLE_IDENTIFIER = topeerzLabs.aquaCraftBigFIsh;
				PRODUCT_NAME = "$(TARGET_NAME)";
				PROVISIONING_PROFILE_SPECIFIER = "";
				SWIFT_EMIT_LOC_STRINGS = YES;
				SWIFT_VERSION = 5.0;
				TARGETED_DEVICE_FAMILY = "1,2";
			};
			name = Release;
		};
		C89EABDA2CE60DBD00C7FE03 /* Debug */ = {
			isa = XCBuildConfiguration;
			buildSettings = {
				BUNDLE_LOADER = "$(TEST_HOST)";
				CODE_SIGN_STYLE = Automatic;
				CURRENT_PROJECT_VERSION = 1;
				DEVELOPMENT_TEAM = 6PKNZ97H3W;
				GENERATE_INFOPLIST_FILE = YES;
				IPHONEOS_DEPLOYMENT_TARGET = 18.0;
				MARKETING_VERSION = 1.0;
				PRODUCT_BUNDLE_IDENTIFIER = topeerzLabs.aquaCraftTests;
				PRODUCT_NAME = "$(TARGET_NAME)";
				SWIFT_EMIT_LOC_STRINGS = NO;
				SWIFT_VERSION = 5.0;
				TARGETED_DEVICE_FAMILY = "1,2";
				TEST_HOST = "$(BUILT_PRODUCTS_DIR)/aquaCraft.app/$(BUNDLE_EXECUTABLE_FOLDER_PATH)/aquaCraft";
			};
			name = Debug;
		};
		C89EABDB2CE60DBD00C7FE03 /* Release */ = {
			isa = XCBuildConfiguration;
			buildSettings = {
				BUNDLE_LOADER = "$(TEST_HOST)";
				CODE_SIGN_STYLE = Automatic;
				CURRENT_PROJECT_VERSION = 1;
				DEVELOPMENT_TEAM = 6PKNZ97H3W;
				GENERATE_INFOPLIST_FILE = YES;
				IPHONEOS_DEPLOYMENT_TARGET = 18.0;
				MARKETING_VERSION = 1.0;
				PRODUCT_BUNDLE_IDENTIFIER = topeerzLabs.aquaCraftTests;
				PRODUCT_NAME = "$(TARGET_NAME)";
				SWIFT_EMIT_LOC_STRINGS = NO;
				SWIFT_VERSION = 5.0;
				TARGETED_DEVICE_FAMILY = "1,2";
				TEST_HOST = "$(BUILT_PRODUCTS_DIR)/aquaCraft.app/$(BUNDLE_EXECUTABLE_FOLDER_PATH)/aquaCraft";
			};
			name = Release;
		};
		C89EABDD2CE60DBD00C7FE03 /* Debug */ = {
			isa = XCBuildConfiguration;
			buildSettings = {
				CODE_SIGN_STYLE = Automatic;
				CURRENT_PROJECT_VERSION = 1;
				DEVELOPMENT_TEAM = 6PKNZ97H3W;
				GENERATE_INFOPLIST_FILE = YES;
				MARKETING_VERSION = 1.0;
				PRODUCT_BUNDLE_IDENTIFIER = topeerzLabs.aquaCraftUITests;
				PRODUCT_NAME = "$(TARGET_NAME)";
				SWIFT_EMIT_LOC_STRINGS = NO;
				SWIFT_VERSION = 5.0;
				TARGETED_DEVICE_FAMILY = "1,2";
				TEST_TARGET_NAME = aquaCraft;
			};
			name = Debug;
		};
		C89EABDE2CE60DBD00C7FE03 /* Release */ = {
			isa = XCBuildConfiguration;
			buildSettings = {
				CODE_SIGN_STYLE = Automatic;
				CURRENT_PROJECT_VERSION = 1;
				DEVELOPMENT_TEAM = 6PKNZ97H3W;
				GENERATE_INFOPLIST_FILE = YES;
				MARKETING_VERSION = 1.0;
				PRODUCT_BUNDLE_IDENTIFIER = topeerzLabs.aquaCraftUITests;
				PRODUCT_NAME = "$(TARGET_NAME)";
				SWIFT_EMIT_LOC_STRINGS = NO;
				SWIFT_VERSION = 5.0;
				TARGETED_DEVICE_FAMILY = "1,2";
				TEST_TARGET_NAME = aquaCraft;
			};
			name = Release;
		};
/* End XCBuildConfiguration section */

/* Begin XCConfigurationList section */
		C89EABAD2CE60DB800C7FE03 /* Build configuration list for PBXProject "aquaCraft" */ = {
			isa = XCConfigurationList;
			buildConfigurations = (
				C89EABD42CE60DBD00C7FE03 /* Debug */,
				C89EABD52CE60DBD00C7FE03 /* Release */,
			);
			defaultConfigurationIsVisible = 0;
			defaultConfigurationName = Release;
		};
		C89EABD62CE60DBD00C7FE03 /* Build configuration list for PBXNativeTarget "aquaCraft" */ = {
			isa = XCConfigurationList;
			buildConfigurations = (
				C89EABD72CE60DBD00C7FE03 /* Debug */,
				C89EABD82CE60DBD00C7FE03 /* Release */,
			);
			defaultConfigurationIsVisible = 0;
			defaultConfigurationName = Release;
		};
		C89EABD92CE60DBD00C7FE03 /* Build configuration list for PBXNativeTarget "aquaCraftTests" */ = {
			isa = XCConfigurationList;
			buildConfigurations = (
				C89EABDA2CE60DBD00C7FE03 /* Debug */,
				C89EABDB2CE60DBD00C7FE03 /* Release */,
			);
			defaultConfigurationIsVisible = 0;
			defaultConfigurationName = Release;
		};
		C89EABDC2CE60DBD00C7FE03 /* Build configuration list for PBXNativeTarget "aquaCraftUITests" */ = {
			isa = XCConfigurationList;
			buildConfigurations = (
				C89EABDD2CE60DBD00C7FE03 /* Debug */,
				C89EABDE2CE60DBD00C7FE03 /* Release */,
			);
			defaultConfigurationIsVisible = 0;
			defaultConfigurationName = Release;
		};
/* End XCConfigurationList section */
	};
	rootObject = C89EABAA2CE60DB800C7FE03 /* Project object */;
}
